
Microsoft Visual Studio Solution File, Format Version 12.00
# Visual Studio Version 16
VisualStudioVersion = 16.0.31205.134
MinimumVisualStudioVersion = 10.0.40219.1
Project("{FAE04EC0-301F-11D3-BF4B-00C04F79EFBC}") = "MyUI", "MyUI\MyUI.csproj", "{20578000-8B73-4C15-9CF1-347FF3548938}"
EndProject
Project("{FAE04EC0-301F-11D3-BF4B-00C04F79EFBC}") = "App", "App\App.csproj", "{47E68021-7074-49B7-B68E-F55BA26E416A}"
EndProject
Global
	GlobalSection(SolutionConfigurationPlatforms) = preSolution
		Debug|Any CPU = Debug|Any CPU
		Release|Any CPU = Release|Any CPU
	EndGlobalSection
	GlobalSection(ProjectConfigurationPlatforms) = postSolution
		{20578000-8B73-4C15-9CF1-347FF3548938}.Debug|Any CPU.ActiveCfg = Debug|Any CPU
		{20578000-8B73-4C15-9CF1-347FF3548938}.Debug|Any CPU.Build.0 = Debug|Any CPU
		{20578000-8B73-4C15-9CF1-347FF3548938}.Release|Any CPU.ActiveCfg = Release|Any CPU
		{20578000-8B73-4C15-9CF1-347FF3548938}.Release|Any CPU.Build.0 = Release|Any CPU
		{47E68021-7074-49B7-B68E-F55BA26E416A}.Debug|Any CPU.ActiveCfg = Debug|Any CPU
		{47E68021-7074-49B7-B68E-F55BA26E416A}.Debug|Any CPU.Build.0 = Debug|Any CPU
		{47E68021-7074-49B7-B68E-F55BA26E416A}.Release|Any CPU.ActiveCfg = Release|Any CPU
		{47E68021-7074-49B7-B68E-F55BA26E416A}.Release|Any CPU.Build.0 = Release|Any CPU
	EndGlobalSection
	GlobalSection(SolutionProperties) = preSolution
		HideSolutionNode = FALSE
	EndGlobalSection
	GlobalSection(ExtensibilityGlobals) = postSolution
		SolutionGuid = {4D4BA789-0B74-465B-A231-DBDC66E43BFC}
	EndGlobalSection
EndGlobal
